
Microsoft Visual Studio Solution File, Format Version 12.00
# Visual Studio Version 16
VisualStudioVersion = 16.0.30523.141
MinimumVisualStudioVersion = 10.0.40219.1
Project("{9A19103F-16F7-4668-BE54-9A1E7A4F7556}") = "HelloWorld", "HelloWorld.csproj", "{2B339615-70AA-4D1A-884A-2B9E8A07ACFF}"
EndProject
Global
	GlobalSection(SolutionConfigurationPlatforms) = preSolution
		Debug|Any CPU = Debug|Any CPU
		Release|Any CPU = Release|Any CPU
	EndGlobalSection
	GlobalSection(ProjectConfigurationPlatforms) = postSolution
		{2B339615-70AA-4D1A-884A-2B9E8A07ACFF}.Debug|Any CPU.ActiveCfg = Debug|Any CPU
		{2B339615-70AA-4D1A-884A-2B9E8A07ACFF}.Debug|Any CPU.Build.0 = Debug|Any CPU
		{2B339615-70AA-4D1A-884A-2B9E8A07ACFF}.Release|Any CPU.ActiveCfg = Release|Any CPU
		{2B339615-70AA-4D1A-884A-2B9E8A07ACFF}.Release|Any CPU.Build.0 = Release|Any CPU
	EndGlobalSection
	GlobalSection(SolutionProperties) = preSolution
		HideSolutionNode = FALSE
	EndGlobalSection
	GlobalSection(ExtensibilityGlobals) = postSolution
		SolutionGuid = {2BA01AB6-60C2-4E0E-8D05-CEE2F2376141}
	EndGlobalSection
EndGlobal
